
Microsoft Visual Studio Solution File, Format Version 12.00
# Visual Studio 14
VisualStudioVersion = 14.0.25420.1
MinimumVisualStudioVersion = 10.0.40219.1
Project("{FAE04EC0-301F-11D3-BF4B-00C04F79EFBC}") = "Remote-Temp-client", "Remote-Temp-client\Remote-Temp-client.csproj", "{95487377-3264-4E60-82EE-EB82BADF0910}"
EndProject
Project("{FAE04EC0-301F-11D3-BF4B-00C04F79EFBC}") = "HDC1000", "HDC1000\HDC1000.csproj", "{D4200E0C-F260-4ABD-B781-6535046A8191}"
EndProject
Project("{FAE04EC0-301F-11D3-BF4B-00C04F79EFBC}") = "SimpleMilkcocoaUWPSample", "SimpleMilkcocoaUWPSample\SimpleMilkcocoaUWPSample.csproj", "{9563C049-BF0B-470D-A6B2-E5B0D76A30B7}"
EndProject
Project("{FAE04EC0-301F-11D3-BF4B-00C04F79EFBC}") = "Remote-Temp-Host", "Remote-Temp-Host\Remote-Temp-Host.csproj", "{29AF81F5-F1D9-43BC-8E76-B0687BE3CC52}"
EndProject
Project("{FAE04EC0-301F-11D3-BF4B-00C04F79EFBC}") = "RemoteTempClientConsole", "RemoteTempClientConsole\RemoteTempClientConsole.csproj", "{BA899C26-B2F3-4F43-A32D-E2E035B033A1}"
EndProject
Global
	GlobalSection(SolutionConfigurationPlatforms) = preSolution
		Debug|Any CPU = Debug|Any CPU
		Debug|ARM = Debug|ARM
		Debug|x64 = Debug|x64
		Debug|x86 = Debug|x86
		Release|Any CPU = Release|Any CPU
		Release|ARM = Release|ARM
		Release|x64 = Release|x64
		Release|x86 = Release|x86
	EndGlobalSection
	GlobalSection(ProjectConfigurationPlatforms) = postSolution
		{95487377-3264-4E60-82EE-EB82BADF0910}.Debug|Any CPU.ActiveCfg = Debug|x86
		{95487377-3264-4E60-82EE-EB82BADF0910}.Debug|ARM.ActiveCfg = Debug|ARM
		{95487377-3264-4E60-82EE-EB82BADF0910}.Debug|ARM.Build.0 = Debug|ARM
		{95487377-3264-4E60-82EE-EB82BADF0910}.Debug|ARM.Deploy.0 = Debug|ARM
		{95487377-3264-4E60-82EE-EB82BADF0910}.Debug|x64.ActiveCfg = Debug|x64
		{95487377-3264-4E60-82EE-EB82BADF0910}.Debug|x64.Build.0 = Debug|x64
		{95487377-3264-4E60-82EE-EB82BADF0910}.Debug|x64.Deploy.0 = Debug|x64
		{95487377-3264-4E60-82EE-EB82BADF0910}.Debug|x86.ActiveCfg = Debug|x86
		{95487377-3264-4E60-82EE-EB82BADF0910}.Debug|x86.Build.0 = Debug|x86
		{95487377-3264-4E60-82EE-EB82BADF0910}.Debug|x86.Deploy.0 = Debug|x86
		{95487377-3264-4E60-82EE-EB82BADF0910}.Release|Any CPU.ActiveCfg = Release|x86
		{95487377-3264-4E60-82EE-EB82BADF0910}.Release|ARM.ActiveCfg = Release|ARM
		{95487377-3264-4E60-82EE-EB82BADF0910}.Release|ARM.Build.0 = Release|ARM
		{95487377-3264-4E60-82EE-EB82BADF0910}.Release|ARM.Deploy.0 = Release|ARM
		{95487377-3264-4E60-82EE-EB82BADF0910}.Release|x64.ActiveCfg = Release|x64
		{95487377-3264-4E60-82EE-EB82BADF0910}.Release|x64.Build.0 = Release|x64
		{95487377-3264-4E60-82EE-EB82BADF0910}.Release|x64.Deploy.0 = Release|x64
		{95487377-3264-4E60-82EE-EB82BADF0910}.Release|x86.ActiveCfg = Release|x86
		{95487377-3264-4E60-82EE-EB82BADF0910}.Release|x86.Build.0 = Release|x86
		{95487377-3264-4E60-82EE-EB82BADF0910}.Release|x86.Deploy.0 = Release|x86
		{D4200E0C-F260-4ABD-B781-6535046A8191}.Debug|Any CPU.ActiveCfg = Debug|Any CPU
		{D4200E0C-F260-4ABD-B781-6535046A8191}.Debug|Any CPU.Build.0 = Debug|Any CPU
		{D4200E0C-F260-4ABD-B781-6535046A8191}.Debug|ARM.ActiveCfg = Debug|ARM
		{D4200E0C-F260-4ABD-B781-6535046A8191}.Debug|ARM.Build.0 = Debug|ARM
		{D4200E0C-F260-4ABD-B781-6535046A8191}.Debug|x64.ActiveCfg = Debug|x64
		{D4200E0C-F260-4ABD-B781-6535046A8191}.Debug|x64.Build.0 = Debug|x64
		{D4200E0C-F260-4ABD-B781-6535046A8191}.Debug|x86.ActiveCfg = Debug|x86
		{D4200E0C-F260-4ABD-B781-6535046A8191}.Debug|x86.Build.0 = Debug|x86
		{D4200E0C-F260-4ABD-B781-6535046A8191}.Release|Any CPU.ActiveCfg = Release|Any CPU
		{D4200E0C-F260-4ABD-B781-6535046A8191}.Release|Any CPU.Build.0 = Release|Any CPU
		{D4200E0C-F260-4ABD-B781-6535046A8191}.Release|ARM.ActiveCfg = Release|ARM
		{D4200E0C-F260-4ABD-B781-6535046A8191}.Release|ARM.Build.0 = Release|ARM
		{D4200E0C-F260-4ABD-B781-6535046A8191}.Release|x64.ActiveCfg = Release|x64
		{D4200E0C-F260-4ABD-B781-6535046A8191}.Release|x64.Build.0 = Release|x64
		{D4200E0C-F260-4ABD-B781-6535046A8191}.Release|x86.ActiveCfg = Release|x86
		{D4200E0C-F260-4ABD-B781-6535046A8191}.Release|x86.Build.0 = Release|x86
		{9563C049-BF0B-470D-A6B2-E5B0D76A30B7}.Debug|Any CPU.ActiveCfg = Debug|x86
		{9563C049-BF0B-470D-A6B2-E5B0D76A30B7}.Debug|ARM.ActiveCfg = Debug|ARM
		{9563C049-BF0B-470D-A6B2-E5B0D76A30B7}.Debug|ARM.Build.0 = Debug|ARM
		{9563C049-BF0B-470D-A6B2-E5B0D76A30B7}.Debug|ARM.Deploy.0 = Debug|ARM
		{9563C049-BF0B-470D-A6B2-E5B0D76A30B7}.Debug|x64.ActiveCfg = Debug|x64
		{9563C049-BF0B-470D-A6B2-E5B0D76A30B7}.Debug|x64.Build.0 = Debug|x64
		{9563C049-BF0B-470D-A6B2-E5B0D76A30B7}.Debug|x64.Deploy.0 = Debug|x64
		{9563C049-BF0B-470D-A6B2-E5B0D76A30B7}.Debug|x86.ActiveCfg = Debug|x86
		{9563C049-BF0B-470D-A6B2-E5B0D76A30B7}.Debug|x86.Build.0 = Debug|x86
		{9563C049-BF0B-470D-A6B2-E5B0D76A30B7}.Debug|x86.Deploy.0 = Debug|x86
		{9563C049-BF0B-470D-A6B2-E5B0D76A30B7}.Release|Any CPU.ActiveCfg = Release|x86
		{9563C049-BF0B-470D-A6B2-E5B0D76A30B7}.Release|ARM.ActiveCfg = Release|ARM
		{9563C049-BF0B-470D-A6B2-E5B0D76A30B7}.Release|ARM.Build.0 = Release|ARM
		{9563C049-BF0B-470D-A6B2-E5B0D76A30B7}.Release|ARM.Deploy.0 = Release|ARM
		{9563C049-BF0B-470D-A6B2-E5B0D76A30B7}.Release|x64.ActiveCfg = Release|x64
		{9563C049-BF0B-470D-A6B2-E5B0D76A30B7}.Release|x64.Build.0 = Release|x64
		{9563C049-BF0B-470D-A6B2-E5B0D76A30B7}.Release|x64.Deploy.0 = Release|x64
		{9563C049-BF0B-470D-A6B2-E5B0D76A30B7}.Release|x86.ActiveCfg = Release|x86
		{9563C049-BF0B-470D-A6B2-E5B0D76A30B7}.Release|x86.Build.0 = Release|x86
		{9563C049-BF0B-470D-A6B2-E5B0D76A30B7}.Release|x86.Deploy.0 = Release|x86
		{29AF81F5-F1D9-43BC-8E76-B0687BE3CC52}.Debug|Any CPU.ActiveCfg = Debug|x86
		{29AF81F5-F1D9-43BC-8E76-B0687BE3CC52}.Debug|ARM.ActiveCfg = Debug|ARM
		{29AF81F5-F1D9-43BC-8E76-B0687BE3CC52}.Debug|ARM.Build.0 = Debug|ARM
		{29AF81F5-F1D9-43BC-8E76-B0687BE3CC52}.Debug|ARM.Deploy.0 = Debug|ARM
		{29AF81F5-F1D9-43BC-8E76-B0687BE3CC52}.Debug|x64.ActiveCfg = Debug|x64
		{29AF81F5-F1D9-43BC-8E76-B0687BE3CC52}.Debug|x64.Build.0 = Debug|x64
		{29AF81F5-F1D9-43BC-8E76-B0687BE3CC52}.Debug|x64.Deploy.0 = Debug|x64
		{29AF81F5-F1D9-43BC-8E76-B0687BE3CC52}.Debug|x86.ActiveCfg = Debug|x86
		{29AF81F5-F1D9-43BC-8E76-B0687BE3CC52}.Debug|x86.Build.0 = Debug|x86
		{29AF81F5-F1D9-43BC-8E76-B0687BE3CC52}.Debug|x86.Deploy.0 = Debug|x86
		{29AF81F5-F1D9-43BC-8E76-B0687BE3CC52}.Release|Any CPU.ActiveCfg = Release|x86
		{29AF81F5-F1D9-43BC-8E76-B0687BE3CC52}.Release|ARM.ActiveCfg = Release|ARM
		{29AF81F5-F1D9-43BC-8E76-B0687BE3CC52}.Release|ARM.Build.0 = Release|ARM
		{29AF81F5-F1D9-43BC-8E76-B0687BE3CC52}.Release|ARM.Deploy.0 = Release|ARM
		{29AF81F5-F1D9-43BC-8E76-B0687BE3CC52}.Release|x64.ActiveCfg = Release|x64
		{29AF81F5-F1D9-43BC-8E76-B0687BE3CC52}.Release|x64.Build.0 = Release|x64
		{29AF81F5-F1D9-43BC-8E76-B0687BE3CC52}.Release|x64.Deploy.0 = Release|x64
		{29AF81F5-F1D9-43BC-8E76-B0687BE3CC52}.Release|x86.ActiveCfg = Release|x86
		{29AF81F5-F1D9-43BC-8E76-B0687BE3CC52}.Release|x86.Build.0 = Release|x86
		{29AF81F5-F1D9-43BC-8E76-B0687BE3CC52}.Release|x86.Deploy.0 = Release|x86
		{BA899C26-B2F3-4F43-A32D-E2E035B033A1}.Debug|Any CPU.ActiveCfg = Debug|x86
		{BA899C26-B2F3-4F43-A32D-E2E035B033A1}.Debug|ARM.ActiveCfg = Debug|ARM
		{BA899C26-B2F3-4F43-A32D-E2E035B033A1}.Debug|ARM.Build.0 = Debug|ARM
		{BA899C26-B2F3-4F43-A32D-E2E035B033A1}.Debug|ARM.Deploy.0 = Debug|ARM
		{BA899C26-B2F3-4F43-A32D-E2E035B033A1}.Debug|x64.ActiveCfg = Debug|x64
		{BA899C26-B2F3-4F43-A32D-E2E035B033A1}.Debug|x64.Build.0 = Debug|x64
		{BA899C26-B2F3-4F43-A32D-E2E035B033A1}.Debug|x64.Deploy.0 = Debug|x64
		{BA899C26-B2F3-4F43-A32D-E2E035B033A1}.Debug|x86.ActiveCfg = Debug|x86
		{BA899C26-B2F3-4F43-A32D-E2E035B033A1}.Debug|x86.Build.0 = Debug|x86
		{BA899C26-B2F3-4F43-A32D-E2E035B033A1}.Debug|x86.Deploy.0 = Debug|x86
		{BA899C26-B2F3-4F43-A32D-E2E035B033A1}.Release|Any CPU.ActiveCfg = Release|x86
		{BA899C26-B2F3-4F43-A32D-E2E035B033A1}.Release|ARM.ActiveCfg = Release|ARM
		{BA899C26-B2F3-4F43-A32D-E2E035B033A1}.Release|ARM.Build.0 = Release|ARM
		{BA899C26-B2F3-4F43-A32D-E2E035B033A1}.Release|ARM.Deploy.0 = Release|ARM
		{BA899C26-B2F3-4F43-A32D-E2E035B033A1}.Release|x64.ActiveCfg = Release|x64
		{BA899C26-B2F3-4F43-A32D-E2E035B033A1}.Release|x64.Build.0 = Release|x64
		{BA899C26-B2F3-4F43-A32D-E2E035B033A1}.Release|x64.Deploy.0 = Release|x64
		{BA899C26-B2F3-4F43-A32D-E2E035B033A1}.Release|x86.ActiveCfg = Release|x86
		{BA899C26-B2F3-4F43-A32D-E2E035B033A1}.Release|x86.Build.0 = Release|x86
		{BA899C26-B2F3-4F43-A32D-E2E035B033A1}.Release|x86.Deploy.0 = Release|x86
	EndGlobalSection
	GlobalSection(SolutionProperties) = preSolution
		HideSolutionNode = FALSE
	EndGlobalSection
EndGlobal
